
Microsoft Visual Studio Solution File, Format Version 12.00
# Visual Studio 15
VisualStudioVersion = 15.0.28307.271
MinimumVisualStudioVersion = 10.0.40219.1
Project("{FAE04EC0-301F-11D3-BF4B-00C04F79EFBC}") = "ALLAHın isimleri 2", "ALLAHın isimleri 2\ALLAHın isimleri 2.csproj", "{B295964A-BBAC-401A-8AB1-39E6AF6CB94A}"
EndProject
Global
	GlobalSection(SolutionConfigurationPlatforms) = preSolution
		Debug|Any CPU = Debug|Any CPU
		Release|Any CPU = Release|Any CPU
	EndGlobalSection
	GlobalSection(ProjectConfigurationPlatforms) = postSolution
		{B295964A-BBAC-401A-8AB1-39E6AF6CB94A}.Debug|Any CPU.ActiveCfg = Debug|Any CPU
		{B295964A-BBAC-401A-8AB1-39E6AF6CB94A}.Debug|Any CPU.Build.0 = Debug|Any CPU
		{B295964A-BBAC-401A-8AB1-39E6AF6CB94A}.Release|Any CPU.ActiveCfg = Release|Any CPU
		{B295964A-BBAC-401A-8AB1-39E6AF6CB94A}.Release|Any CPU.Build.0 = Release|Any CPU
	EndGlobalSection
	GlobalSection(SolutionProperties) = preSolution
		HideSolutionNode = FALSE
	EndGlobalSection
	GlobalSection(ExtensibilityGlobals) = postSolution
		SolutionGuid = {D485EB4D-5170-488D-ABD1-77D62328A0AD}
	EndGlobalSection
EndGlobal
